PODS:
  - Alamofire (3.3.1)
  - BigcommerceApi (0.5.2):
    - Alamofire (~> 3.0)

DEPENDENCIES:
  - BigcommerceApi (from `../`)

EXTERNAL SOURCES:
  BigcommerceApi:
    :path: ../

SPEC CHECKSUMS:
  Alamofire: 369bc67b6f5ac33ded3648d7bd21c5bfb91c2ecc
  BigcommerceApi: cca6af3e280c08701141a7e72fab199dc246aee6

COCOAPODS: 0.39.0
