PODS:
  - Alamofire (2.0.2)
  - BigcommerceApi (0.5.1):
    - Alamofire (~> 2.0)

DEPENDENCIES:
  - BigcommerceApi (from `../`)

EXTERNAL SOURCES:
  BigcommerceApi:
    :path: ../

SPEC CHECKSUMS:
  Alamofire: 8edbab00802a752bb5240cc2abe70e7e881488ad
  BigcommerceApi: 424dfcfd79d69f9b0f02963acf24deadf05482a5

COCOAPODS: 0.39.0
